// !$*UTF8*$!
{
	archiveVersion = 1;
	classes = {
	};
	objectVersion = 56;
	objects = {

/* Begin PBXBuildFile section */
		7200E3752A85836900C07B73 /* FeedPostTableViewCell.swift in Sources */ = {isa = PBXBuildFile; fileRef = 7200E3742A85836900C07B73 /* FeedPostTableViewCell.swift */; };
		7200E3782A8584DC00C07B73 /* FeedPostHeaderTableViewCell.swift in Sources */ = {isa = PBXBuildFile; fileRef = 7200E3772A8584DC00C07B73 /* FeedPostHeaderTableViewCell.swift */; };
		7200E37A2A8584FD00C07B73 /* FeedPostActionsTableViewCell.swift in Sources */ = {isa = PBXBuildFile; fileRef = 7200E3792A8584FD00C07B73 /* FeedPostActionsTableViewCell.swift */; };
		7200E37C2A85851500C07B73 /* FeedPostGeneralTableViewCell.swift in Sources */ = {isa = PBXBuildFile; fileRef = 7200E37B2A85851500C07B73 /* FeedPostGeneralTableViewCell.swift */; };
		72329D952A8AB5FD00360577 /* FormTableViewCell.swift in Sources */ = {isa = PBXBuildFile; fileRef = 72329D942A8AB5FD00360577 /* FormTableViewCell.swift */; };
		72329D982A8AC93500360577 /* PhotoCollectionViewCell.swift in Sources */ = {isa = PBXBuildFile; fileRef = 72329D972A8AC93500360577 /* PhotoCollectionViewCell.swift */; };
		72329D9A2A8AC98E00360577 /* ProfileInfoHeaderCollectionReusableView.swift in Sources */ = {isa = PBXBuildFile; fileRef = 72329D992A8AC98E00360577 /* ProfileInfoHeaderCollectionReusableView.swift */; };
		72329D9C2A8AC9B200360577 /* ProfileTabsCollectionReusableView.swift in Sources */ = {isa = PBXBuildFile; fileRef = 72329D9B2A8AC9B200360577 /* ProfileTabsCollectionReusableView.swift */; };
		725E8B372A8C024D00A94D3F /* Models.swift in Sources */ = {isa = PBXBuildFile; fileRef = 725E8B362A8C024D00A94D3F /* Models.swift */; };
		729256C02A82D4C800821592 /* AppDelegate.swift in Sources */ = {isa = PBXBuildFile; fileRef = 729256BF2A82D4C800821592 /* AppDelegate.swift */; };
		729256C22A82D4C800821592 /* SceneDelegate.swift in Sources */ = {isa = PBXBuildFile; fileRef = 729256C12A82D4C800821592 /* SceneDelegate.swift */; };
		729256C42A82D4C800821592 /* HomeViewController.swift in Sources */ = {isa = PBXBuildFile; fileRef = 729256C32A82D4C800821592 /* HomeViewController.swift */; };
		729256C72A82D4C800821592 /* Main.storyboard in Resources */ = {isa = PBXBuildFile; fileRef = 729256C52A82D4C800821592 /* Main.storyboard */; };
		729256CA2A82D4C800821592 /* Instagram.xcdatamodeld in Sources */ = {isa = PBXBuildFile; fileRef = 729256C82A82D4C800821592 /* Instagram.xcdatamodeld */; };
		729256CC2A82D4CA00821592 /* Assets.xcassets in Resources */ = {isa = PBXBuildFile; fileRef = 729256CB2A82D4CA00821592 /* Assets.xcassets */; };
		729256CF2A82D4CA00821592 /* LaunchScreen.storyboard in Resources */ = {isa = PBXBuildFile; fileRef = 729256CD2A82D4CA00821592 /* LaunchScreen.storyboard */; };
		729256DC2A82D5B900821592 /* ExploreViewController.swift in Sources */ = {isa = PBXBuildFile; fileRef = 729256DB2A82D5B900821592 /* ExploreViewController.swift */; };
		729256DE2A82D5D700821592 /* CameraViewController.swift in Sources */ = {isa = PBXBuildFile; fileRef = 729256DD2A82D5D700821592 /* CameraViewController.swift */; };
		729256E02A82D5E900821592 /* NotificationsViewController.swift in Sources */ = {isa = PBXBuildFile; fileRef = 729256DF2A82D5E900821592 /* NotificationsViewController.swift */; };
		729256E22A82D5F800821592 /* ProfileViewController.swift in Sources */ = {isa = PBXBuildFile; fileRef = 729256E12A82D5F800821592 /* ProfileViewController.swift */; };
		729256E72A82D65A00821592 /* LoginViewController.swift in Sources */ = {isa = PBXBuildFile; fileRef = 729256E62A82D65A00821592 /* LoginViewController.swift */; };
		729256E92A82D66C00821592 /* RegistrationViewController.swift in Sources */ = {isa = PBXBuildFile; fileRef = 729256E82A82D66C00821592 /* RegistrationViewController.swift */; };
		729256EB2A82D68200821592 /* PostViewController.swift in Sources */ = {isa = PBXBuildFile; fileRef = 729256EA2A82D68200821592 /* PostViewController.swift */; };
		729256ED2A82D6A200821592 /* EditProfileViewController.swift in Sources */ = {isa = PBXBuildFile; fileRef = 729256EC2A82D6A200821592 /* EditProfileViewController.swift */; };
		729256EF2A82D6B100821592 /* SettingsViewController.swift in Sources */ = {isa = PBXBuildFile; fileRef = 729256EE2A82D6B100821592 /* SettingsViewController.swift */; };
		729256F12A82D6C100821592 /* ListViewController.swift in Sources */ = {isa = PBXBuildFile; fileRef = 729256F02A82D6C100821592 /* ListViewController.swift */; };
		729256F32A82D6D400821592 /* SearchViewController.swift in Sources */ = {isa = PBXBuildFile; fileRef = 729256F22A82D6D400821592 /* SearchViewController.swift */; };
		729256F52A82D6E300821592 /* SearchResultViewController.swift in Sources */ = {isa = PBXBuildFile; fileRef = 729256F42A82D6E300821592 /* SearchResultViewController.swift */; };
		729256F72A82D70700821592 /* PostEditorViewController.swift in Sources */ = {isa = PBXBuildFile; fileRef = 729256F62A82D70700821592 /* PostEditorViewController.swift */; };
		729256F92A82D71600821592 /* PublishPostViewController.swift in Sources */ = {isa = PBXBuildFile; fileRef = 729256F82A82D71600821592 /* PublishPostViewController.swift */; };
		729257012A82DD4F00821592 /* GoogleService-Info.plist in Resources */ = {isa = PBXBuildFile; fileRef = 729257002A82DD4F00821592 /* GoogleService-Info.plist */; };
		729257042A82DFC100821592 /* DatabaseManager.swift in Sources */ = {isa = PBXBuildFile; fileRef = 729257032A82DFC100821592 /* DatabaseManager.swift */; };
		729257062A82E07700821592 /* AuthManager.swift in Sources */ = {isa = PBXBuildFile; fileRef = 729257052A82E07700821592 /* AuthManager.swift */; };
		729257082A82E0B800821592 /* StorageManager.swift in Sources */ = {isa = PBXBuildFile; fileRef = 729257072A82E0B800821592 /* StorageManager.swift */; };
		7292570A2A83EFB000821592 /* Extensions.swift in Sources */ = {isa = PBXBuildFile; fileRef = 729257092A83EFB000821592 /* Extensions.swift */; };
		B12B0DD1DC241ECFD61E4D17 /* Pods_Instagram.framework in Frameworks */ = {isa = PBXBuildFile; fileRef = 73409C51475ADBA1A0F488CD /* Pods_Instagram.framework */; };
/* End PBXBuildFile section */

/* Begin PBXFileReference section */
		294F3F8A511A7444FC7A603E /* Pods-Instagram.release.xcconfig */ = {isa = PBXFileReference; includeInIndex = 1; lastKnownFileType = text.xcconfig; name = "Pods-Instagram.release.xcconfig"; path = "Target Support Files/Pods-Instagram/Pods-Instagram.release.xcconfig"; sourceTree = "<group>"; };
		7200E3742A85836900C07B73 /* FeedPostTableViewCell.swift */ = {isa = PBXFileReference; lastKnownFileType = sourcecode.swift; path = FeedPostTableViewCell.swift; sourceTree = "<group>"; };
		7200E3772A8584DC00C07B73 /* FeedPostHeaderTableViewCell.swift */ = {isa = PBXFileReference; lastKnownFileType = sourcecode.swift; path = FeedPostHeaderTableViewCell.swift; sourceTree = "<group>"; };
		7200E3792A8584FD00C07B73 /* FeedPostActionsTableViewCell.swift */ = {isa = PBXFileReference; lastKnownFileType = sourcecode.swift; path = FeedPostActionsTableViewCell.swift; sourceTree = "<group>"; };
		7200E37B2A85851500C07B73 /* FeedPostGeneralTableViewCell.swift */ = {isa = PBXFileReference; lastKnownFileType = sourcecode.swift; path = FeedPostGeneralTableViewCell.swift; sourceTree = "<group>"; };
		72329D942A8AB5FD00360577 /* FormTableViewCell.swift */ = {isa = PBXFileReference; lastKnownFileType = sourcecode.swift; path = FormTableViewCell.swift; sourceTree = "<group>"; };
		72329D972A8AC93500360577 /* PhotoCollectionViewCell.swift */ = {isa = PBXFileReference; lastKnownFileType = sourcecode.swift; path = PhotoCollectionViewCell.swift; sourceTree = "<group>"; };
		72329D992A8AC98E00360577 /* ProfileInfoHeaderCollectionReusableView.swift */ = {isa = PBXFileReference; lastKnownFileType = sourcecode.swift; path = ProfileInfoHeaderCollectionReusableView.swift; sourceTree = "<group>"; };
		72329D9B2A8AC9B200360577 /* ProfileTabsCollectionReusableView.swift */ = {isa = PBXFileReference; lastKnownFileType = sourcecode.swift; path = ProfileTabsCollectionReusableView.swift; sourceTree = "<group>"; };
		725E8B362A8C024D00A94D3F /* Models.swift */ = {isa = PBXFileReference; lastKnownFileType = sourcecode.swift; path = Models.swift; sourceTree = "<group>"; };
		729256BC2A82D4C800821592 /* Instagram.app */ = {isa = PBXFileReference; explicitFileType = wrapper.application; includeInIndex = 0; path = Instagram.app; sourceTree = BUILT_PRODUCTS_DIR; };
		729256BF2A82D4C800821592 /* AppDelegate.swift */ = {isa = PBXFileReference; lastKnownFileType = sourcecode.swift; path = AppDelegate.swift; sourceTree = "<group>"; };
		729256C12A82D4C800821592 /* SceneDelegate.swift */ = {isa = PBXFileReference; lastKnownFileType = sourcecode.swift; path = SceneDelegate.swift; sourceTree = "<group>"; };
		729256C32A82D4C800821592 /* HomeViewController.swift */ = {isa = PBXFileReference; lastKnownFileType = sourcecode.swift; path = HomeViewController.swift; sourceTree = "<group>"; };
		729256C62A82D4C800821592 /* Base */ = {isa = PBXFileReference; lastKnownFileType = file.storyboard; name = Base; path = Base.lproj/Main.storyboard; sourceTree = "<group>"; };
		729256C92A82D4C800821592 /* Instagram.xcdatamodel */ = {isa = PBXFileReference; lastKnownFileType = wrapper.xcdatamodel; path = Instagram.xcdatamodel; sourceTree = "<group>"; };
		729256CB2A82D4CA00821592 /* Assets.xcassets */ = {isa = PBXFileReference; lastKnownFileType = folder.assetcatalog; path = Assets.xcassets; sourceTree = "<group>"; };
		729256CE2A82D4CA00821592 /* Base */ = {isa = PBXFileReference; lastKnownFileType = file.storyboard; name = Base; path = Base.lproj/LaunchScreen.storyboard; sourceTree = "<group>"; };
		729256D02A82D4CA00821592 /* Info.plist */ = {isa = PBXFileReference; lastKnownFileType = text.plist.xml; path = Info.plist; sourceTree = "<group>"; };
		729256DB2A82D5B900821592 /* ExploreViewController.swift */ = {isa = PBXFileReference; lastKnownFileType = sourcecode.swift; path = ExploreViewController.swift; sourceTree = "<group>"; };
		729256DD2A82D5D700821592 /* CameraViewController.swift */ = {isa = PBXFileReference; lastKnownFileType = sourcecode.swift; path = CameraViewController.swift; sourceTree = "<group>"; };
		729256DF2A82D5E900821592 /* NotificationsViewController.swift */ = {isa = PBXFileReference; lastKnownFileType = sourcecode.swift; path = NotificationsViewController.swift; sourceTree = "<group>"; };
		729256E12A82D5F800821592 /* ProfileViewController.swift */ = {isa = PBXFileReference; lastKnownFileType = sourcecode.swift; path = ProfileViewController.swift; sourceTree = "<group>"; };
		729256E62A82D65A00821592 /* LoginViewController.swift */ = {isa = PBXFileReference; lastKnownFileType = sourcecode.swift; path = LoginViewController.swift; sourceTree = "<group>"; };
		729256E82A82D66C00821592 /* RegistrationViewController.swift */ = {isa = PBXFileReference; lastKnownFileType = sourcecode.swift; path = RegistrationViewController.swift; sourceTree = "<group>"; };
		729256EA2A82D68200821592 /* PostViewController.swift */ = {isa = PBXFileReference; lastKnownFileType = sourcecode.swift; path = PostViewController.swift; sourceTree = "<group>"; };
		729256EC2A82D6A200821592 /* EditProfileViewController.swift */ = {isa = PBXFileReference; lastKnownFileType = sourcecode.swift; path = EditProfileViewController.swift; sourceTree = "<group>"; };
		729256EE2A82D6B100821592 /* SettingsViewController.swift */ = {isa = PBXFileReference; lastKnownFileType = sourcecode.swift; path = SettingsViewController.swift; sourceTree = "<group>"; };
		729256F02A82D6C100821592 /* ListViewController.swift */ = {isa = PBXFileReference; lastKnownFileType = sourcecode.swift; path = ListViewController.swift; sourceTree = "<group>"; };
		729256F22A82D6D400821592 /* SearchViewController.swift */ = {isa = PBXFileReference; lastKnownFileType = sourcecode.swift; path = SearchViewController.swift; sourceTree = "<group>"; };
		729256F42A82D6E300821592 /* SearchResultViewController.swift */ = {isa = PBXFileReference; lastKnownFileType = sourcecode.swift; path = SearchResultViewController.swift; sourceTree = "<group>"; };
		729256F62A82D70700821592 /* PostEditorViewController.swift */ = {isa = PBXFileReference; lastKnownFileType = sourcecode.swift; path = PostEditorViewController.swift; sourceTree = "<group>"; };
		729256F82A82D71600821592 /* PublishPostViewController.swift */ = {isa = PBXFileReference; lastKnownFileType = sourcecode.swift; path = PublishPostViewController.swift; sourceTree = "<group>"; };
		729257002A82DD4F00821592 /* GoogleService-Info.plist */ = {isa = PBXFileReference; fileEncoding = 4; lastKnownFileType = text.plist.xml; path = "GoogleService-Info.plist"; sourceTree = "<group>"; };
		729257032A82DFC100821592 /* DatabaseManager.swift */ = {isa = PBXFileReference; lastKnownFileType = sourcecode.swift; path = DatabaseManager.swift; sourceTree = "<group>"; };
		729257052A82E07700821592 /* AuthManager.swift */ = {isa = PBXFileReference; lastKnownFileType = sourcecode.swift; path = AuthManager.swift; sourceTree = "<group>"; };
		729257072A82E0B800821592 /* StorageManager.swift */ = {isa = PBXFileReference; lastKnownFileType = sourcecode.swift; path = StorageManager.swift; sourceTree = "<group>"; };
		729257092A83EFB000821592 /* Extensions.swift */ = {isa = PBXFileReference; lastKnownFileType = sourcecode.swift; path = Extensions.swift; sourceTree = "<group>"; };
		73409C51475ADBA1A0F488CD /* Pods_Instagram.framework */ = {isa = PBXFileReference; explicitFileType = wrapper.framework; includeInIndex = 0; path = Pods_Instagram.framework; sourceTree = BUILT_PRODUCTS_DIR; };
		EFAEC01ED4BB4D0F676BE7CF /* Pods-Instagram.debug.xcconfig */ = {isa = PBXFileReference; includeInIndex = 1; lastKnownFileType = text.xcconfig; name = "Pods-Instagram.debug.xcconfig"; path = "Target Support Files/Pods-Instagram/Pods-Instagram.debug.xcconfig"; sourceTree = "<group>"; };
/* End PBXFileReference section */

/* Begin PBXFrameworksBuildPhase section */
		729256B92A82D4C800821592 /* Frameworks */ = {
			isa = PBXFrameworksBuildPhase;
			buildActionMask = 2147483647;
			files = (
				B12B0DD1DC241ECFD61E4D17 /* Pods_Instagram.framework in Frameworks */,
			);
			runOnlyForDeploymentPostprocessing = 0;
		};
/* End PBXFrameworksBuildPhase section */

/* Begin PBXGroup section */
		7200E3732A85832F00C07B73 /* Cells */ = {
			isa = PBXGroup;
			children = (
				7200E3762A8584BD00C07B73 /* Home Feed */,
				72329D942A8AB5FD00360577 /* FormTableViewCell.swift */,
				72329D972A8AC93500360577 /* PhotoCollectionViewCell.swift */,
			);
			path = Cells;
			sourceTree = "<group>";
		};
		7200E3762A8584BD00C07B73 /* Home Feed */ = {
			isa = PBXGroup;
			children = (
				7200E3742A85836900C07B73 /* FeedPostTableViewCell.swift */,
				7200E3772A8584DC00C07B73 /* FeedPostHeaderTableViewCell.swift */,
				7200E3792A8584FD00C07B73 /* FeedPostActionsTableViewCell.swift */,
				7200E37B2A85851500C07B73 /* FeedPostGeneralTableViewCell.swift */,
			);
			path = "Home Feed";
			sourceTree = "<group>";
		};
		72329D962A8AC8F400360577 /* CollectionView Headers */ = {
			isa = PBXGroup;
			children = (
				72329D992A8AC98E00360577 /* ProfileInfoHeaderCollectionReusableView.swift */,
				72329D9B2A8AC9B200360577 /* ProfileTabsCollectionReusableView.swift */,
			);
			path = "CollectionView Headers";
			sourceTree = "<group>";
		};
		729256B32A82D4C800821592 = {
			isa = PBXGroup;
			children = (
				729256BE2A82D4C800821592 /* Instagram */,
				729256BD2A82D4C800821592 /* Products */,
				DE8F7282EFD71D4C14540233 /* Pods */,
				E11D443D13BFC56977688C10 /* Frameworks */,
			);
			sourceTree = "<group>";
		};
		729256BD2A82D4C800821592 /* Products */ = {
			isa = PBXGroup;
			children = (
				729256BC2A82D4C800821592 /* Instagram.app */,
			);
			name = Products;
			sourceTree = "<group>";
		};
		729256BE2A82D4C800821592 /* Instagram */ = {
			isa = PBXGroup;
			children = (
				729256D92A82D52300821592 /* Resources */,
				729256D82A82D51B00821592 /* Models */,
				729256D72A82D51300821592 /* Views */,
				729256D62A82D50C00821592 /* Controllers */,
				729256D02A82D4CA00821592 /* Info.plist */,
				729256C82A82D4C800821592 /* Instagram.xcdatamodeld */,
			);
			path = Instagram;
			sourceTree = "<group>";
		};
		729256D62A82D50C00821592 /* Controllers */ = {
			isa = PBXGroup;
			children = (
				729256E42A82D63F00821592 /* Other */,
				729256E32A82D60600821592 /* Core Tabs */,
			);
			path = Controllers;
			sourceTree = "<group>";
		};
		729256D72A82D51300821592 /* Views */ = {
			isa = PBXGroup;
			children = (
				72329D962A8AC8F400360577 /* CollectionView Headers */,
				7200E3732A85832F00C07B73 /* Cells */,
				729256CB2A82D4CA00821592 /* Assets.xcassets */,
				729256DA2A82D55700821592 /* Storyboards */,
			);
			path = Views;
			sourceTree = "<group>";
		};
		729256D82A82D51B00821592 /* Models */ = {
			isa = PBXGroup;
			children = (
				725E8B362A8C024D00A94D3F /* Models.swift */,
			);
			path = Models;
			sourceTree = "<group>";
		};
		729256D92A82D52300821592 /* Resources */ = {
			isa = PBXGroup;
			children = (
				729257002A82DD4F00821592 /* GoogleService-Info.plist */,
				729256BF2A82D4C800821592 /* AppDelegate.swift */,
				729256C12A82D4C800821592 /* SceneDelegate.swift */,
				729257032A82DFC100821592 /* DatabaseManager.swift */,
				729257052A82E07700821592 /* AuthManager.swift */,
				729257072A82E0B800821592 /* StorageManager.swift */,
				729257092A83EFB000821592 /* Extensions.swift */,
			);
			path = Resources;
			sourceTree = "<group>";
		};
		729256DA2A82D55700821592 /* Storyboards */ = {
			isa = PBXGroup;
			children = (
				729256C52A82D4C800821592 /* Main.storyboard */,
				729256CD2A82D4CA00821592 /* LaunchScreen.storyboard */,
			);
			path = Storyboards;
			sourceTree = "<group>";
		};
		729256E32A82D60600821592 /* Core Tabs */ = {
			isa = PBXGroup;
			children = (
				729256C32A82D4C800821592 /* HomeViewController.swift */,
				729256DB2A82D5B900821592 /* ExploreViewController.swift */,
				729256DD2A82D5D700821592 /* CameraViewController.swift */,
				729256DF2A82D5E900821592 /* NotificationsViewController.swift */,
				729256E12A82D5F800821592 /* ProfileViewController.swift */,
			);
			path = "Core Tabs";
			sourceTree = "<group>";
		};
		729256E42A82D63F00821592 /* Other */ = {
			isa = PBXGroup;
			children = (
				729256E52A82D64800821592 /* Onboarding */,
				729257022A82DF4700821592 /* General */,
			);
			path = Other;
			sourceTree = "<group>";
		};
		729256E52A82D64800821592 /* Onboarding */ = {
			isa = PBXGroup;
			children = (
				729256E62A82D65A00821592 /* LoginViewController.swift */,
				729256E82A82D66C00821592 /* RegistrationViewController.swift */,
			);
			path = Onboarding;
			sourceTree = "<group>";
		};
		729257022A82DF4700821592 /* General */ = {
			isa = PBXGroup;
			children = (
				729256EE2A82D6B100821592 /* SettingsViewController.swift */,
				729256EA2A82D68200821592 /* PostViewController.swift */,
				729256EC2A82D6A200821592 /* EditProfileViewController.swift */,
				729256F02A82D6C100821592 /* ListViewController.swift */,
				729256F22A82D6D400821592 /* SearchViewController.swift */,
				729256F42A82D6E300821592 /* SearchResultViewController.swift */,
				729256F62A82D70700821592 /* PostEditorViewController.swift */,
				729256F82A82D71600821592 /* PublishPostViewController.swift */,
			);
			path = General;
			sourceTree = "<group>";
		};
		DE8F7282EFD71D4C14540233 /* Pods */ = {
			isa = PBXGroup;
			children = (
				EFAEC01ED4BB4D0F676BE7CF /* Pods-Instagram.debug.xcconfig */,
				294F3F8A511A7444FC7A603E /* Pods-Instagram.release.xcconfig */,
			);
			path = Pods;
			sourceTree = "<group>";
		};
		E11D443D13BFC56977688C10 /* Frameworks */ = {
			isa = PBXGroup;
			children = (
				73409C51475ADBA1A0F488CD /* Pods_Instagram.framework */,
			);
			name = Frameworks;
			sourceTree = "<group>";
		};
/* End PBXGroup section */

/* Begin PBXNativeTarget section */
		729256BB2A82D4C800821592 /* Instagram */ = {
			isa = PBXNativeTarget;
			buildConfigurationList = 729256D32A82D4CA00821592 /* Build configuration list for PBXNativeTarget "Instagram" */;
			buildPhases = (
				170AADD6F5040845A1626CB3 /* [CP] Check Pods Manifest.lock */,
				729256B82A82D4C800821592 /* Sources */,
				729256B92A82D4C800821592 /* Frameworks */,
				729256BA2A82D4C800821592 /* Resources */,
				529743BD5C0A1725A40AC174 /* [CP] Embed Pods Frameworks */,
			);
			buildRules = (
			);
			dependencies = (
			);
			name = Instagram;
			productName = Instagram;
			productReference = 729256BC2A82D4C800821592 /* Instagram.app */;
			productType = "com.apple.product-type.application";
		};
/* End PBXNativeTarget section */

/* Begin PBXProject section */
		729256B42A82D4C800821592 /* Project object */ = {
			isa = PBXProject;
			attributes = {
				BuildIndependentTargetsInParallel = 1;
				LastSwiftUpdateCheck = 1420;
				LastUpgradeCheck = 1420;
				TargetAttributes = {
					729256BB2A82D4C800821592 = {
						CreatedOnToolsVersion = 14.2;
					};
				};
			};
			buildConfigurationList = 729256B72A82D4C800821592 /* Build configuration list for PBXProject "Instagram" */;
			compatibilityVersion = "Xcode 14.0";
			developmentRegion = en;
			hasScannedForEncodings = 0;
			knownRegions = (
				en,
				Base,
			);
			mainGroup = 729256B32A82D4C800821592;
			productRefGroup = 729256BD2A82D4C800821592 /* Products */;
			projectDirPath = "";
			projectRoot = "";
			targets = (
				729256BB2A82D4C800821592 /* Instagram */,
			);
		};
/* End PBXProject section */

/* Begin PBXResourcesBuildPhase section */
		729256BA2A82D4C800821592 /* Resources */ = {
			isa = PBXResourcesBuildPhase;
			buildActionMask = 2147483647;
			files = (
				729256CF2A82D4CA00821592 /* LaunchScreen.storyboard in Resources */,
				729257012A82DD4F00821592 /* GoogleService-Info.plist in Resources */,
				729256CC2A82D4CA00821592 /* Assets.xcassets in Resources */,
				729256C72A82D4C800821592 /* Main.storyboard in Resources */,
			);
			runOnlyForDeploymentPostprocessing = 0;
		};
/* End PBXResourcesBuildPhase section */

/* Begin PBXShellScriptBuildPhase section */
		170AADD6F5040845A1626CB3 /* [CP] Check Pods Manifest.lock */ = {
			isa = PBXShellScriptBuildPhase;
			buildActionMask = 2147483647;
			files = (
			);
			inputFileListPaths = (
			);
			inputPaths = (
				"${PODS_PODFILE_DIR_PATH}/Podfile.lock",
				"${PODS_ROOT}/Manifest.lock",
			);
			name = "[CP] Check Pods Manifest.lock";
			outputFileListPaths = (
			);
			outputPaths = (
				"$(DERIVED_FILE_DIR)/Pods-Instagram-checkManifestLockResult.txt",
			);
			runOnlyForDeploymentPostprocessing = 0;
			shellPath = /bin/sh;
			shellScript = "diff \"${PODS_PODFILE_DIR_PATH}/Podfile.lock\" \"${PODS_ROOT}/Manifest.lock\" > /dev/null\nif [ $? != 0 ] ; then\n    # print error to STDERR\n    echo \"error: The sandbox is not in sync with the Podfile.lock. Run 'pod install' or update your CocoaPods installation.\" >&2\n    exit 1\nfi\n# This output is used by Xcode 'outputs' to avoid re-running this script phase.\necho \"SUCCESS\" > \"${SCRIPT_OUTPUT_FILE_0}\"\n";
			showEnvVarsInLog = 0;
		};
		529743BD5C0A1725A40AC174 /* [CP] Embed Pods Frameworks */ = {
			isa = PBXShellScriptBuildPhase;
			buildActionMask = 2147483647;
			files = (
			);
			inputFileListPaths = (
				"${PODS_ROOT}/Target Support Files/Pods-Instagram/Pods-Instagram-frameworks-${CONFIGURATION}-input-files.xcfilelist",
			);
			name = "[CP] Embed Pods Frameworks";
			outputFileListPaths = (
				"${PODS_ROOT}/Target Support Files/Pods-Instagram/Pods-Instagram-frameworks-${CONFIGURATION}-output-files.xcfilelist",
			);
			runOnlyForDeploymentPostprocessing = 0;
			shellPath = /bin/sh;
			shellScript = "\"${PODS_ROOT}/Target Support Files/Pods-Instagram/Pods-Instagram-frameworks.sh\"\n";
			showEnvVarsInLog = 0;
		};
/* End PBXShellScriptBuildPhase section */

/* Begin PBXSourcesBuildPhase section */
		729256B82A82D4C800821592 /* Sources */ = {
			isa = PBXSourcesBuildPhase;
			buildActionMask = 2147483647;
			files = (
				729256F32A82D6D400821592 /* SearchViewController.swift in Sources */,
				729256E72A82D65A00821592 /* LoginViewController.swift in Sources */,
				729256CA2A82D4C800821592 /* Instagram.xcdatamodeld in Sources */,
				729257082A82E0B800821592 /* StorageManager.swift in Sources */,
				7200E37C2A85851500C07B73 /* FeedPostGeneralTableViewCell.swift in Sources */,
				729256C42A82D4C800821592 /* HomeViewController.swift in Sources */,
				7200E37A2A8584FD00C07B73 /* FeedPostActionsTableViewCell.swift in Sources */,
				729256F72A82D70700821592 /* PostEditorViewController.swift in Sources */,
				7200E3752A85836900C07B73 /* FeedPostTableViewCell.swift in Sources */,
				729256DC2A82D5B900821592 /* ExploreViewController.swift in Sources */,
				72329D952A8AB5FD00360577 /* FormTableViewCell.swift in Sources */,
				729256E92A82D66C00821592 /* RegistrationViewController.swift in Sources */,
				729256C02A82D4C800821592 /* AppDelegate.swift in Sources */,
				7292570A2A83EFB000821592 /* Extensions.swift in Sources */,
				729256F12A82D6C100821592 /* ListViewController.swift in Sources */,
				72329D9A2A8AC98E00360577 /* ProfileInfoHeaderCollectionReusableView.swift in Sources */,
				729257062A82E07700821592 /* AuthManager.swift in Sources */,
				729256C22A82D4C800821592 /* SceneDelegate.swift in Sources */,
				729256F92A82D71600821592 /* PublishPostViewController.swift in Sources */,
				72329D9C2A8AC9B200360577 /* ProfileTabsCollectionReusableView.swift in Sources */,
				729256E02A82D5E900821592 /* NotificationsViewController.swift in Sources */,
				729256ED2A82D6A200821592 /* EditProfileViewController.swift in Sources */,
				729256E22A82D5F800821592 /* ProfileViewController.swift in Sources */,
				729257042A82DFC100821592 /* DatabaseManager.swift in Sources */,
				725E8B372A8C024D00A94D3F /* Models.swift in Sources */,
				729256EF2A82D6B100821592 /* SettingsViewController.swift in Sources */,
				729256DE2A82D5D700821592 /* CameraViewController.swift in Sources */,
				729256F52A82D6E300821592 /* SearchResultViewController.swift in Sources */,
				72329D982A8AC93500360577 /* PhotoCollectionViewCell.swift in Sources */,
				7200E3782A8584DC00C07B73 /* FeedPostHeaderTableViewCell.swift in Sources */,
				729256EB2A82D68200821592 /* PostViewController.swift in Sources */,
			);
			runOnlyForDeploymentPostprocessing = 0;
		};
/* End PBXSourcesBuildPhase section */

/* Begin PBXVariantGroup section */
		729256C52A82D4C800821592 /* Main.storyboard */ = {
			isa = PBXVariantGroup;
			children = (
				729256C62A82D4C800821592 /* Base */,
			);
			name = Main.storyboard;
			sourceTree = "<group>";
		};
		729256CD2A82D4CA00821592 /* LaunchScreen.storyboard */ = {
			isa = PBXVariantGroup;
			children = (
				729256CE2A82D4CA00821592 /* Base */,
			);
			name = LaunchScreen.storyboard;
			sourceTree = "<group>";
		};
/* End PBXVariantGroup section */

/* Begin XCBuildConfiguration section */
		729256D12A82D4CA00821592 /* Debug */ = {
			isa = XCBuildConfiguration;
			buildSettings = {
				ALWAYS_SEARCH_USER_PATHS = NO;
				CLANG_ANALYZER_NONNULL = YES;
				CLANG_ANALYZER_NUMBER_OBJECT_CONVERSION = YES_AGGRESSIVE;
				CLANG_CXX_LANGUAGE_STANDARD = "gnu++20";
				CLANG_ENABLE_MODULES = YES;
				CLANG_ENABLE_OBJC_ARC = YES;
				CLANG_ENABLE_OBJC_WEAK = YES;
				CLANG_WARN_BLOCK_CAPTURE_AUTORELEASING = YES;
				CLANG_WARN_BOOL_CONVERSION = YES;
				CLANG_WARN_COMMA = YES;
				CLANG_WARN_CONSTANT_CONVERSION = YES;
				CLANG_WARN_DEPRECATED_OBJC_IMPLEMENTATIONS = YES;
				CLANG_WARN_DIRECT_OBJC_ISA_USAGE = YES_ERROR;
				CLANG_WARN_DOCUMENTATION_COMMENTS = YES;
				CLANG_WARN_EMPTY_BODY = YES;
				CLANG_WARN_ENUM_CONVERSION = YES;
				CLANG_WARN_INFINITE_RECURSION = YES;
				CLANG_WARN_INT_CONVERSION = YES;
				CLANG_WARN_NON_LITERAL_NULL_CONVERSION = YES;
				CLANG_WARN_OBJC_IMPLICIT_RETAIN_SELF = YES;
				CLANG_WARN_OBJC_LITERAL_CONVERSION = YES;
				CLANG_WARN_OBJC_ROOT_CLASS = YES_ERROR;
				CLANG_WARN_QUOTED_INCLUDE_IN_FRAMEWORK_HEADER = YES;
				CLANG_WARN_RANGE_LOOP_ANALYSIS = YES;
				CLANG_WARN_STRICT_PROTOTYPES = YES;
				CLANG_WARN_SUSPICIOUS_MOVE = YES;
				CLANG_WARN_UNGUARDED_AVAILABILITY = YES_AGGRESSIVE;
				CLANG_WARN_UNREACHABLE_CODE = YES;
				CLANG_WARN__DUPLICATE_METHOD_MATCH = YES;
				COPY_PHASE_STRIP = NO;
				DEBUG_INFORMATION_FORMAT = dwarf;
				ENABLE_STRICT_OBJC_MSGSEND = YES;
				ENABLE_TESTABILITY = YES;
				GCC_C_LANGUAGE_STANDARD = gnu11;
				GCC_DYNAMIC_NO_PIC = NO;
				GCC_NO_COMMON_BLOCKS = YES;
				GCC_OPTIMIZATION_LEVEL = 0;
				GCC_PREPROCESSOR_DEFINITIONS = (
					"DEBUG=1",
					"$(inherited)",
				);
				GCC_WARN_64_TO_32_BIT_CONVERSION = YES;
				GCC_WARN_ABOUT_RETURN_TYPE = YES_ERROR;
				GCC_WARN_UNDECLARED_SELECTOR = YES;
				GCC_WARN_UNINITIALIZED_AUTOS = YES_AGGRESSIVE;
				GCC_WARN_UNUSED_FUNCTION = YES;
				GCC_WARN_UNUSED_VARIABLE = YES;
				IPHONEOS_DEPLOYMENT_TARGET = 16.2;
				MTL_ENABLE_DEBUG_INFO = INCLUDE_SOURCE;
				MTL_FAST_MATH = YES;
				ONLY_ACTIVE_ARCH = YES;
				SDKROOT = iphoneos;
				SWIFT_ACTIVE_COMPILATION_CONDITIONS = DEBUG;
				SWIFT_OPTIMIZATION_LEVEL = "-Onone";
			};
			name = Debug;
		};
		729256D22A82D4CA00821592 /* Release */ = {
			isa = XCBuildConfiguration;
			buildSettings = {
				ALWAYS_SEARCH_USER_PATHS = NO;
				CLANG_ANALYZER_NONNULL = YES;
				CLANG_ANALYZER_NUMBER_OBJECT_CONVERSION = YES_AGGRESSIVE;
				CLANG_CXX_LANGUAGE_STANDARD = "gnu++20";
				CLANG_ENABLE_MODULES = YES;
				CLANG_ENABLE_OBJC_ARC = YES;
				CLANG_ENABLE_OBJC_WEAK = YES;
				CLANG_WARN_BLOCK_CAPTURE_AUTORELEASING = YES;
				CLANG_WARN_BOOL_CONVERSION = YES;
				CLANG_WARN_COMMA = YES;
				CLANG_WARN_CONSTANT_CONVERSION = YES;
				CLANG_WARN_DEPRECATED_OBJC_IMPLEMENTATIONS = YES;
				CLANG_WARN_DIRECT_OBJC_ISA_USAGE = YES_ERROR;
				CLANG_WARN_DOCUMENTATION_COMMENTS = YES;
				CLANG_WARN_EMPTY_BODY = YES;
				CLANG_WARN_ENUM_CONVERSION = YES;
				CLANG_WARN_INFINITE_RECURSION = YES;
				CLANG_WARN_INT_CONVERSION = YES;
				CLANG_WARN_NON_LITERAL_NULL_CONVERSION = YES;
				CLANG_WARN_OBJC_IMPLICIT_RETAIN_SELF = YES;
				CLANG_WARN_OBJC_LITERAL_CONVERSION = YES;
				CLANG_WARN_OBJC_ROOT_CLASS = YES_ERROR;
				CLANG_WARN_QUOTED_INCLUDE_IN_FRAMEWORK_HEADER = YES;
				CLANG_WARN_RANGE_LOOP_ANALYSIS = YES;
				CLANG_WARN_STRICT_PROTOTYPES = YES;
				CLANG_WARN_SUSPICIOUS_MOVE = YES;
				CLANG_WARN_UNGUARDED_AVAILABILITY = YES_AGGRESSIVE;
				CLANG_WARN_UNREACHABLE_CODE = YES;
				CLANG_WARN__DUPLICATE_METHOD_MATCH = YES;
				COPY_PHASE_STRIP = NO;
				DEBUG_INFORMATION_FORMAT = "dwarf-with-dsym";
				ENABLE_NS_ASSERTIONS = NO;
				ENABLE_STRICT_OBJC_MSGSEND = YES;
				GCC_C_LANGUAGE_STANDARD = gnu11;
				GCC_NO_COMMON_BLOCKS = YES;
				GCC_WARN_64_TO_32_BIT_CONVERSION = YES;
				GCC_WARN_ABOUT_RETURN_TYPE = YES_ERROR;
				GCC_WARN_UNDECLARED_SELECTOR = YES;
				GCC_WARN_UNINITIALIZED_AUTOS = YES_AGGRESSIVE;
				GCC_WARN_UNUSED_FUNCTION = YES;
				GCC_WARN_UNUSED_VARIABLE = YES;
				IPHONEOS_DEPLOYMENT_TARGET = 16.2;
				MTL_ENABLE_DEBUG_INFO = NO;
				MTL_FAST_MATH = YES;
				SDKROOT = iphoneos;
				SWIFT_COMPILATION_MODE = wholemodule;
				SWIFT_OPTIMIZATION_LEVEL = "-O";
				VALIDATE_PRODUCT = YES;
			};
			name = Release;
		};
		729256D42A82D4CA00821592 /* Debug */ = {
			isa = XCBuildConfiguration;
			baseConfigurationReference = EFAEC01ED4BB4D0F676BE7CF /* Pods-Instagram.debug.xcconfig */;
			buildSettings = {
				ASSETCATALOG_COMPILER_APPICON_NAME = AppIcon;
				ASSETCATALOG_COMPILER_GLOBAL_ACCENT_COLOR_NAME = AccentColor;
				CODE_SIGN_STYLE = Automatic;
				CURRENT_PROJECT_VERSION = 1;
				DEVELOPMENT_TEAM = 7VVXP36UX5;
				GENERATE_INFOPLIST_FILE = YES;
				INFOPLIST_FILE = Instagram/Info.plist;
				INFOPLIST_KEY_UIApplicationSupportsIndirectInputEvents = YES;
				INFOPLIST_KEY_UILaunchStoryboardName = LaunchScreen;
				INFOPLIST_KEY_UIMainStoryboardFile = Main;
				INFOPLIST_KEY_UISupportedInterfaceOrientations = UIInterfaceOrientationPortrait;
				INFOPLIST_KEY_UISupportedInterfaceOrientations_iPad = "UIInterfaceOrientationPortrait UIInterfaceOrientationPortraitUpsideDown";
				IPHONEOS_DEPLOYMENT_TARGET = 13.0;
				LD_RUNPATH_SEARCH_PATHS = (
					"$(inherited)",
					"@executable_path/Frameworks",
				);
				MARKETING_VERSION = 1.0;
				PRODUCT_BUNDLE_IDENTIFIER = tommyde97.Instagram;
				PRODUCT_NAME = "$(TARGET_NAME)";
				SWIFT_EMIT_LOC_STRINGS = YES;
				SWIFT_VERSION = 5.0;
				TARGETED_DEVICE_FAMILY = "1,2";
			};
			name = Debug;
		};
		729256D52A82D4CA00821592 /* Release */ = {
			isa = XCBuildConfiguration;
			baseConfigurationReference = 294F3F8A511A7444FC7A603E /* Pods-Instagram.release.xcconfig */;
			buildSettings = {
				ASSETCATALOG_COMPILER_APPICON_NAME = AppIcon;
				ASSETCATALOG_COMPILER_GLOBAL_ACCENT_COLOR_NAME = AccentColor;
				CODE_SIGN_STYLE = Automatic;
				CURRENT_PROJECT_VERSION = 1;
				DEVELOPMENT_TEAM = 7VVXP36UX5;
				GENERATE_INFOPLIST_FILE = YES;
				INFOPLIST_FILE = Instagram/Info.plist;
				INFOPLIST_KEY_UIApplicationSupportsIndirectInputEvents = YES;
				INFOPLIST_KEY_UILaunchStoryboardName = LaunchScreen;
				INFOPLIST_KEY_UIMainStoryboardFile = Main;
				INFOPLIST_KEY_UISupportedInterfaceOrientations = UIInterfaceOrientationPortrait;
				INFOPLIST_KEY_UISupportedInterfaceOrientations_iPad = "UIInterfaceOrientationPortrait UIInterfaceOrientationPortraitUpsideDown";
				IPHONEOS_DEPLOYMENT_TARGET = 13.0;
				LD_RUNPATH_SEARCH_PATHS = (
					"$(inherited)",
					"@executable_path/Frameworks",
				);
				MARKETING_VERSION = 1.0;
				PRODUCT_BUNDLE_IDENTIFIER = tommyde97.Instagram;
				PRODUCT_NAME = "$(TARGET_NAME)";
				SWIFT_EMIT_LOC_STRINGS = YES;
				SWIFT_VERSION = 5.0;
				TARGETED_DEVICE_FAMILY = "1,2";
			};
			name = Release;
		};
/* End XCBuildConfiguration section */

/* Begin XCConfigurationList section */
		729256B72A82D4C800821592 /* Build configuration list for PBXProject "Instagram" */ = {
			isa = XCConfigurationList;
			buildConfigurations = (
				729256D12A82D4CA00821592 /* Debug */,
				729256D22A82D4CA00821592 /* Release */,
			);
			defaultConfigurationIsVisible = 0;
			defaultConfigurationName = Release;
		};
		729256D32A82D4CA00821592 /* Build configuration list for PBXNativeTarget "Instagram" */ = {
			isa = XCConfigurationList;
			buildConfigurations = (
				729256D42A82D4CA00821592 /* Debug */,
				729256D52A82D4CA00821592 /* Release */,
			);
			defaultConfigurationIsVisible = 0;
			defaultConfigurationName = Release;
		};
/* End XCConfigurationList section */

/* Begin XCVersionGroup section */
		729256C82A82D4C800821592 /* Instagram.xcdatamodeld */ = {
			isa = XCVersionGroup;
			children = (
				729256C92A82D4C800821592 /* Instagram.xcdatamodel */,
			);
			currentVersion = 729256C92A82D4C800821592 /* Instagram.xcdatamodel */;
			path = Instagram.xcdatamodeld;
			sourceTree = "<group>";
			versionGroupType = wrapper.xcdatamodel;
		};
/* End XCVersionGroup section */
	};
	rootObject = 729256B42A82D4C800821592 /* Project object */;
}
